
Microsoft Visual Studio Solution File, Format Version 12.00
# Visual Studio Version 16
VisualStudioVersion = 16.0.31205.134
MinimumVisualStudioVersion = 10.0.40219.1
Project("{FAE04EC0-301F-11D3-BF4B-00C04F79EFBC}") = "PPS Main Software", "PPS Main Software\PPS Main Software.csproj", "{0E77F01E-A588-422E-BF4C-83BAD74E6631}"
EndProject
Global
	GlobalSection(SolutionConfigurationPlatforms) = preSolution
		Debug|Any CPU = Debug|Any CPU
		Release|Any CPU = Release|Any CPU
	EndGlobalSection
	GlobalSection(ProjectConfigurationPlatforms) = postSolution
		{0E77F01E-A588-422E-BF4C-83BAD74E6631}.Debug|Any CPU.ActiveCfg = Debug|Any CPU
		{0E77F01E-A588-422E-BF4C-83BAD74E6631}.Debug|Any CPU.Build.0 = Debug|Any CPU
		{0E77F01E-A588-422E-BF4C-83BAD74E6631}.Release|Any CPU.ActiveCfg = Release|Any CPU
		{0E77F01E-A588-422E-BF4C-83BAD74E6631}.Release|Any CPU.Build.0 = Release|Any CPU
	EndGlobalSection
	GlobalSection(SolutionProperties) = preSolution
		HideSolutionNode = FALSE
	EndGlobalSection
	GlobalSection(ExtensibilityGlobals) = postSolution
		SolutionGuid = {A6DFBEA3-0654-4FFC-8297-7B67DAC7370D}
	EndGlobalSection
EndGlobal
